// !$*UTF8*$!
{
	archiveVersion = 1;
	classes = {
	};
	objectVersion = 51;
	objects = {

/* Begin PBXBuildFile section */
		094C24C9CC2F8CCE89D7C250 /* Pods_Flash_Dating.framework in Frameworks */ = {isa = PBXBuildFile; fileRef = B3213E528A98B443EAAB8938 /* Pods_Flash_Dating.framework */; };
		FB0CD00224B7B43D0049657F /* EditImageViewController.swift in Sources */ = {isa = PBXBuildFile; fileRef = FB0CD00124B7B43D0049657F /* EditImageViewController.swift */; };
		FB0CD00424B83F340049657F /* GoogleService-Info.plist in Resources */ = {isa = PBXBuildFile; fileRef = FB0CD00324B83F340049657F /* GoogleService-Info.plist */; };
		FB4DEBFE24BA268A004E66F4 /* ViewController.swift in Sources */ = {isa = PBXBuildFile; fileRef = FB4DEBFD24BA268A004E66F4 /* ViewController.swift */; };
		FB4DEC0324BA3C95004E66F4 /* ERProgressHud.swift in Sources */ = {isa = PBXBuildFile; fileRef = FB4DEC0224BA3C95004E66F4 /* ERProgressHud.swift */; };
		FBAC348624B75EB9002641B4 /* BlueButton.swift in Sources */ = {isa = PBXBuildFile; fileRef = FBAC348524B75EB9002641B4 /* BlueButton.swift */; };
		FBAC348824B76456002641B4 /* TitleLabel.swift in Sources */ = {isa = PBXBuildFile; fileRef = FBAC348724B76456002641B4 /* TitleLabel.swift */; };
		FBAC348F24B7817B002641B4 /* Metropolis-Black.otf in Resources */ = {isa = PBXBuildFile; fileRef = FBAC348E24B7817B002641B4 /* Metropolis-Black.otf */; };
		FBDF516224B72EB00021B895 /* VerifyViewController.swift in Sources */ = {isa = PBXBuildFile; fileRef = FBDF516124B72EB00021B895 /* VerifyViewController.swift */; };
		FBDF516424B732070021B895 /* FillNameViewController.swift in Sources */ = {isa = PBXBuildFile; fileRef = FBDF516324B732070021B895 /* FillNameViewController.swift */; };
		FBDF516624B73D4E0021B895 /* ForgotPasswordViewController.swift in Sources */ = {isa = PBXBuildFile; fileRef = FBDF516524B73D4E0021B895 /* ForgotPasswordViewController.swift */; };
		FBDF516E24B7555E0021B895 /* StartPageViewController.swift in Sources */ = {isa = PBXBuildFile; fileRef = FBDF516D24B7555E0021B895 /* StartPageViewController.swift */; };
		FBDF517024B75B450021B895 /* PinkButton.swift in Sources */ = {isa = PBXBuildFile; fileRef = FBDF516F24B75B450021B895 /* PinkButton.swift */; };
		FBE10C0A24B5F44B007D3C79 /* AppDelegate.swift in Sources */ = {isa = PBXBuildFile; fileRef = FBE10C0924B5F44B007D3C79 /* AppDelegate.swift */; };
		FBE10C0C24B5F44B007D3C79 /* SceneDelegate.swift in Sources */ = {isa = PBXBuildFile; fileRef = FBE10C0B24B5F44B007D3C79 /* SceneDelegate.swift */; };
		FBE10C1124B5F44B007D3C79 /* Main.storyboard in Resources */ = {isa = PBXBuildFile; fileRef = FBE10C0F24B5F44B007D3C79 /* Main.storyboard */; };
		FBE10C1324B5F44C007D3C79 /* Assets.xcassets in Resources */ = {isa = PBXBuildFile; fileRef = FBE10C1224B5F44C007D3C79 /* Assets.xcassets */; };
		FBE10C1624B5F44C007D3C79 /* LaunchScreen.storyboard in Resources */ = {isa = PBXBuildFile; fileRef = FBE10C1424B5F44C007D3C79 /* LaunchScreen.storyboard */; };
		FBE10C2524B5FE7A007D3C79 /* HomeViewController.swift in Sources */ = {isa = PBXBuildFile; fileRef = FBE10C2424B5FE7A007D3C79 /* HomeViewController.swift */; };
		FBE10C2724B60184007D3C79 /* CurrentProfile.swift in Sources */ = {isa = PBXBuildFile; fileRef = FBE10C2624B60184007D3C79 /* CurrentProfile.swift */; };
		FBE10C2924B601A4007D3C79 /* User.swift in Sources */ = {isa = PBXBuildFile; fileRef = FBE10C2824B601A4007D3C79 /* User.swift */; };
		FBE10C2B24B603C3007D3C79 /* ProfileViewController.swift in Sources */ = {isa = PBXBuildFile; fileRef = FBE10C2A24B603C3007D3C79 /* ProfileViewController.swift */; };
		FBE10C2D24B60ABB007D3C79 /* LoginViewController.swift in Sources */ = {isa = PBXBuildFile; fileRef = FBE10C2C24B60ABB007D3C79 /* LoginViewController.swift */; };
		FBEE2C7C24B6F64400910BC6 /* RegisterViewController.swift in Sources */ = {isa = PBXBuildFile; fileRef = FBEE2C7B24B6F64400910BC6 /* RegisterViewController.swift */; };
/* End PBXBuildFile section */

/* Begin PBXFileReference section */
		3F2AC4AEC338DE97479ABEC7 /* Pods-Flash Dating.release.xcconfig */ = {isa = PBXFileReference; includeInIndex = 1; lastKnownFileType = text.xcconfig; name = "Pods-Flash Dating.release.xcconfig"; path = "Target Support Files/Pods-Flash Dating/Pods-Flash Dating.release.xcconfig"; sourceTree = "<group>"; };
		B3213E528A98B443EAAB8938 /* Pods_Flash_Dating.framework */ = {isa = PBXFileReference; explicitFileType = wrapper.framework; includeInIndex = 0; path = Pods_Flash_Dating.framework; sourceTree = BUILT_PRODUCTS_DIR; };
		C01B6D030034B9E4C2B6B8B1 /* Pods-Flash Dating.debug.xcconfig */ = {isa = PBXFileReference; includeInIndex = 1; lastKnownFileType = text.xcconfig; name = "Pods-Flash Dating.debug.xcconfig"; path = "Target Support Files/Pods-Flash Dating/Pods-Flash Dating.debug.xcconfig"; sourceTree = "<group>"; };
		ED411B9E8767525F0F5685DA /* Pods-Flash Dating 001.release.xcconfig */ = {isa = PBXFileReference; includeInIndex = 1; lastKnownFileType = text.xcconfig; name = "Pods-Flash Dating 001.release.xcconfig"; path = "Target Support Files/Pods-Flash Dating 001/Pods-Flash Dating 001.release.xcconfig"; sourceTree = "<group>"; };
		F36EC2816EDD87BEADD54F7E /* Pods-Flash Dating 001.debug.xcconfig */ = {isa = PBXFileReference; includeInIndex = 1; lastKnownFileType = text.xcconfig; name = "Pods-Flash Dating 001.debug.xcconfig"; path = "Target Support Files/Pods-Flash Dating 001/Pods-Flash Dating 001.debug.xcconfig"; sourceTree = "<group>"; };
		FB0CD00124B7B43D0049657F /* EditImageViewController.swift */ = {isa = PBXFileReference; lastKnownFileType = sourcecode.swift; path = EditImageViewController.swift; sourceTree = "<group>"; };
		FB0CD00324B83F340049657F /* GoogleService-Info.plist */ = {isa = PBXFileReference; fileEncoding = 4; lastKnownFileType = text.plist.xml; path = "GoogleService-Info.plist"; sourceTree = "<group>"; };
		FB4DEBFD24BA268A004E66F4 /* ViewController.swift */ = {isa = PBXFileReference; lastKnownFileType = sourcecode.swift; path = ViewController.swift; sourceTree = "<group>"; };
		FB4DEC0224BA3C95004E66F4 /* ERProgressHud.swift */ = {isa = PBXFileReference; fileEncoding = 4; lastKnownFileType = sourcecode.swift; path = ERProgressHud.swift; sourceTree = "<group>"; };
		FBAC348524B75EB9002641B4 /* BlueButton.swift */ = {isa = PBXFileReference; lastKnownFileType = sourcecode.swift; path = BlueButton.swift; sourceTree = "<group>"; };
		FBAC348724B76456002641B4 /* TitleLabel.swift */ = {isa = PBXFileReference; lastKnownFileType = sourcecode.swift; path = TitleLabel.swift; sourceTree = "<group>"; };
		FBAC348E24B7817B002641B4 /* Metropolis-Black.otf */ = {isa = PBXFileReference; lastKnownFileType = file; path = "Metropolis-Black.otf"; sourceTree = "<group>"; };
		FBAC349024B78192002641B4 /* Metropolis-ExtraLightItalic.otf */ = {isa = PBXFileReference; lastKnownFileType = file; path = "Metropolis-ExtraLightItalic.otf"; sourceTree = "<group>"; };
		FBAC349124B78192002641B4 /* Metropolis-RegularItalic.otf */ = {isa = PBXFileReference; lastKnownFileType = file; path = "Metropolis-RegularItalic.otf"; sourceTree = "<group>"; };
		FBAC349224B78192002641B4 /* Metropolis-ExtraLight.otf */ = {isa = PBXFileReference; lastKnownFileType = file; path = "Metropolis-ExtraLight.otf"; sourceTree = "<group>"; };
		FBAC349324B78192002641B4 /* Metropolis-BoldItalic.otf */ = {isa = PBXFileReference; lastKnownFileType = file; path = "Metropolis-BoldItalic.otf"; sourceTree = "<group>"; };
		FBAC349424B78193002641B4 /* Metropolis-ExtraBoldItalic.otf */ = {isa = PBXFileReference; lastKnownFileType = file; path = "Metropolis-ExtraBoldItalic.otf"; sourceTree = "<group>"; };
		FBAC349524B78193002641B4 /* Metropolis-SemiBoldItalic.otf */ = {isa = PBXFileReference; lastKnownFileType = file; path = "Metropolis-SemiBoldItalic.otf"; sourceTree = "<group>"; };
		FBAC349624B78193002641B4 /* Metropolis-BlackItalic.otf */ = {isa = PBXFileReference; lastKnownFileType = file; path = "Metropolis-BlackItalic.otf"; sourceTree = "<group>"; };
		FBAC349724B78193002641B4 /* Metropolis-Light.otf */ = {isa = PBXFileReference; lastKnownFileType = file; path = "Metropolis-Light.otf"; sourceTree = "<group>"; };
		FBAC349824B78193002641B4 /* Metropolis-SemiBold.otf */ = {isa = PBXFileReference; lastKnownFileType = file; path = "Metropolis-SemiBold.otf"; sourceTree = "<group>"; };
		FBAC349924B78194002641B4 /* Metropolis-Black.otf */ = {isa = PBXFileReference; lastKnownFileType = file; name = "Metropolis-Black.otf"; path = "../../../../Downloads/metropolis-2-cufonfonts/Metropolis-Black.otf"; sourceTree = "<group>"; };
		FBAC349A24B78194002641B4 /* Metropolis-ExtraBold.otf */ = {isa = PBXFileReference; lastKnownFileType = file; path = "Metropolis-ExtraBold.otf"; sourceTree = "<group>"; };
		FBAC349B24B78194002641B4 /* Metropolis-Medium.otf */ = {isa = PBXFileReference; lastKnownFileType = file; path = "Metropolis-Medium.otf"; sourceTree = "<group>"; };
		FBAC349C24B78194002641B4 /* Metropolis-ThinItalic.otf */ = {isa = PBXFileReference; lastKnownFileType = file; path = "Metropolis-ThinItalic.otf"; sourceTree = "<group>"; };
		FBAC349D24B78194002641B4 /* Metropolis-Thin.otf */ = {isa = PBXFileReference; lastKnownFileType = file; path = "Metropolis-Thin.otf"; sourceTree = "<group>"; };
		FBAC349E24B78195002641B4 /* Metropolis-Bold.otf */ = {isa = PBXFileReference; lastKnownFileType = file; path = "Metropolis-Bold.otf"; sourceTree = "<group>"; };
		FBAC349F24B78195002641B4 /* Metropolis-Regular.otf */ = {isa = PBXFileReference; lastKnownFileType = file; path = "Metropolis-Regular.otf"; sourceTree = "<group>"; };
		FBAC34A024B78195002641B4 /* Metropolis-MediumItalic.otf */ = {isa = PBXFileReference; lastKnownFileType = file; path = "Metropolis-MediumItalic.otf"; sourceTree = "<group>"; };
		FBAC34A124B78195002641B4 /* Metropolis-LightItalic.otf */ = {isa = PBXFileReference; lastKnownFileType = file; path = "Metropolis-LightItalic.otf"; sourceTree = "<group>"; };
		FBDF516124B72EB00021B895 /* VerifyViewController.swift */ = {isa = PBXFileReference; lastKnownFileType = sourcecode.swift; path = VerifyViewController.swift; sourceTree = "<group>"; };
		FBDF516324B732070021B895 /* FillNameViewController.swift */ = {isa = PBXFileReference; lastKnownFileType = sourcecode.swift; path = FillNameViewController.swift; sourceTree = "<group>"; };
		FBDF516524B73D4E0021B895 /* ForgotPasswordViewController.swift */ = {isa = PBXFileReference; lastKnownFileType = sourcecode.swift; path = ForgotPasswordViewController.swift; sourceTree = "<group>"; };
		FBDF516D24B7555E0021B895 /* StartPageViewController.swift */ = {isa = PBXFileReference; lastKnownFileType = sourcecode.swift; path = StartPageViewController.swift; sourceTree = "<group>"; };
		FBDF516F24B75B450021B895 /* PinkButton.swift */ = {isa = PBXFileReference; lastKnownFileType = sourcecode.swift; path = PinkButton.swift; sourceTree = "<group>"; };
		FBE10C0624B5F44B007D3C79 /* Flash Dating.app */ = {isa = PBXFileReference; explicitFileType = wrapper.application; includeInIndex = 0; path = "Flash Dating.app"; sourceTree = BUILT_PRODUCTS_DIR; };
		FBE10C0924B5F44B007D3C79 /* AppDelegate.swift */ = {isa = PBXFileReference; lastKnownFileType = sourcecode.swift; path = AppDelegate.swift; sourceTree = "<group>"; };
		FBE10C0B24B5F44B007D3C79 /* SceneDelegate.swift */ = {isa = PBXFileReference; lastKnownFileType = sourcecode.swift; path = SceneDelegate.swift; sourceTree = "<group>"; };
		FBE10C1024B5F44B007D3C79 /* Base */ = {isa = PBXFileReference; lastKnownFileType = file.storyboard; name = Base; path = Base.lproj/Main.storyboard; sourceTree = "<group>"; };
		FBE10C1224B5F44C007D3C79 /* Assets.xcassets */ = {isa = PBXFileReference; lastKnownFileType = folder.assetcatalog; path = Assets.xcassets; sourceTree = "<group>"; };
		FBE10C1524B5F44C007D3C79 /* Base */ = {isa = PBXFileReference; lastKnownFileType = file.storyboard; name = Base; path = Base.lproj/LaunchScreen.storyboard; sourceTree = "<group>"; };
		FBE10C1724B5F44C007D3C79 /* Info.plist */ = {isa = PBXFileReference; lastKnownFileType = text.plist.xml; path = Info.plist; sourceTree = "<group>"; };
		FBE10C2424B5FE7A007D3C79 /* HomeViewController.swift */ = {isa = PBXFileReference; lastKnownFileType = sourcecode.swift; path = HomeViewController.swift; sourceTree = "<group>"; };
		FBE10C2624B60184007D3C79 /* CurrentProfile.swift */ = {isa = PBXFileReference; lastKnownFileType = sourcecode.swift; path = CurrentProfile.swift; sourceTree = "<group>"; };
		FBE10C2824B601A4007D3C79 /* User.swift */ = {isa = PBXFileReference; lastKnownFileType = sourcecode.swift; path = User.swift; sourceTree = "<group>"; };
		FBE10C2A24B603C3007D3C79 /* ProfileViewController.swift */ = {isa = PBXFileReference; lastKnownFileType = sourcecode.swift; path = ProfileViewController.swift; sourceTree = "<group>"; };
		FBE10C2C24B60ABB007D3C79 /* LoginViewController.swift */ = {isa = PBXFileReference; lastKnownFileType = sourcecode.swift; path = LoginViewController.swift; sourceTree = "<group>"; };
		FBEE2C7B24B6F64400910BC6 /* RegisterViewController.swift */ = {isa = PBXFileReference; lastKnownFileType = sourcecode.swift; path = RegisterViewController.swift; sourceTree = "<group>"; };
/* End PBXFileReference section */

/* Begin PBXFrameworksBuildPhase section */
		FBE10C0324B5F44B007D3C79 /* Frameworks */ = {
			isa = PBXFrameworksBuildPhase;
			buildActionMask = 2147483647;
			files = (
				094C24C9CC2F8CCE89D7C250 /* Pods_Flash_Dating.framework in Frameworks */,
			);
			runOnlyForDeploymentPostprocessing = 0;
		};
/* End PBXFrameworksBuildPhase section */

/* Begin PBXGroup section */
		09F60942FCF077E5887B2CAB /* Pods */ = {
			isa = PBXGroup;
			children = (
				F36EC2816EDD87BEADD54F7E /* Pods-Flash Dating 001.debug.xcconfig */,
				ED411B9E8767525F0F5685DA /* Pods-Flash Dating 001.release.xcconfig */,
				C01B6D030034B9E4C2B6B8B1 /* Pods-Flash Dating.debug.xcconfig */,
				3F2AC4AEC338DE97479ABEC7 /* Pods-Flash Dating.release.xcconfig */,
			);
			path = Pods;
			sourceTree = "<group>";
		};
		FB4DEC0124BA3C88004E66F4 /* ERProgressHud */ = {
			isa = PBXGroup;
			children = (
				FB4DEC0224BA3C95004E66F4 /* ERProgressHud.swift */,
			);
			path = ERProgressHud;
			sourceTree = "<group>";
		};
		FBAC348B24B78146002641B4 /* Fonts */ = {
			isa = PBXGroup;
			children = (
				FBAC349924B78194002641B4 /* Metropolis-Black.otf */,
				FBAC349624B78193002641B4 /* Metropolis-BlackItalic.otf */,
				FBAC349E24B78195002641B4 /* Metropolis-Bold.otf */,
				FBAC349324B78192002641B4 /* Metropolis-BoldItalic.otf */,
				FBAC349A24B78194002641B4 /* Metropolis-ExtraBold.otf */,
				FBAC349424B78193002641B4 /* Metropolis-ExtraBoldItalic.otf */,
				FBAC349224B78192002641B4 /* Metropolis-ExtraLight.otf */,
				FBAC349024B78192002641B4 /* Metropolis-ExtraLightItalic.otf */,
				FBAC349724B78193002641B4 /* Metropolis-Light.otf */,
				FBAC34A124B78195002641B4 /* Metropolis-LightItalic.otf */,
				FBAC349B24B78194002641B4 /* Metropolis-Medium.otf */,
				FBAC34A024B78195002641B4 /* Metropolis-MediumItalic.otf */,
				FBAC349F24B78195002641B4 /* Metropolis-Regular.otf */,
				FBAC349124B78192002641B4 /* Metropolis-RegularItalic.otf */,
				FBAC349824B78193002641B4 /* Metropolis-SemiBold.otf */,
				FBAC349524B78193002641B4 /* Metropolis-SemiBoldItalic.otf */,
				FBAC349D24B78194002641B4 /* Metropolis-Thin.otf */,
				FBAC349C24B78194002641B4 /* Metropolis-ThinItalic.otf */,
				FBAC348E24B7817B002641B4 /* Metropolis-Black.otf */,
			);
			path = Fonts;
			sourceTree = "<group>";
		};
		FBC639CF7B9D908C19D8FD0D /* Frameworks */ = {
			isa = PBXGroup;
			children = (
				B3213E528A98B443EAAB8938 /* Pods_Flash_Dating.framework */,
			);
			name = Frameworks;
			sourceTree = "<group>";
		};
		FBDF516724B73E210021B895 /* Login */ = {
			isa = PBXGroup;
			children = (
				FB0CD00124B7B43D0049657F /* EditImageViewController.swift */,
				FBE10C2C24B60ABB007D3C79 /* LoginViewController.swift */,
				FBDF516124B72EB00021B895 /* VerifyViewController.swift */,
				FBDF516524B73D4E0021B895 /* ForgotPasswordViewController.swift */,
				FBEE2C7B24B6F64400910BC6 /* RegisterViewController.swift */,
				FBDF516324B732070021B895 /* FillNameViewController.swift */,
				FBDF516D24B7555E0021B895 /* StartPageViewController.swift */,
				FB4DEBFD24BA268A004E66F4 /* ViewController.swift */,
			);
			path = Login;
			sourceTree = "<group>";
		};
		FBDF516824B73E430021B895 /* Main */ = {
			isa = PBXGroup;
			children = (
				FBE10C2A24B603C3007D3C79 /* ProfileViewController.swift */,
				FBE10C2424B5FE7A007D3C79 /* HomeViewController.swift */,
			);
			path = Main;
			sourceTree = "<group>";
		};
		FBE10BFD24B5F44B007D3C79 = {
			isa = PBXGroup;
			children = (
				FBE10C0824B5F44B007D3C79 /* Flash Dating */,
				FBE10C0724B5F44B007D3C79 /* Products */,
				09F60942FCF077E5887B2CAB /* Pods */,
				FBC639CF7B9D908C19D8FD0D /* Frameworks */,
			);
			sourceTree = "<group>";
		};
		FBE10C0724B5F44B007D3C79 /* Products */ = {
			isa = PBXGroup;
			children = (
				FBE10C0624B5F44B007D3C79 /* Flash Dating.app */,
			);
			name = Products;
			sourceTree = "<group>";
		};
		FBE10C0824B5F44B007D3C79 /* Flash Dating */ = {
			isa = PBXGroup;
			children = (
				FBAC348B24B78146002641B4 /* Fonts */,
				FBE10C2324B5F698007D3C79 /* Controller */,
				FBE10C2224B5F67F007D3C79 /* Resources */,
				FBE10C2124B5F670007D3C79 /* View */,
				FBE10C2024B5F665007D3C79 /* App Delegate */,
				FBE10C1F24B5F661007D3C79 /* ViewModel */,
				FBE10C1E24B5F65D007D3C79 /* Model */,
			);
			path = "Flash Dating";
			sourceTree = "<group>";
		};
		FBE10C1E24B5F65D007D3C79 /* Model */ = {
			isa = PBXGroup;
			children = (
				FBE10C2624B60184007D3C79 /* CurrentProfile.swift */,
				FBE10C2824B601A4007D3C79 /* User.swift */,
			);
			path = Model;
			sourceTree = "<group>";
		};
		FBE10C1F24B5F661007D3C79 /* ViewModel */ = {
			isa = PBXGroup;
			children = (
			);
			path = ViewModel;
			sourceTree = "<group>";
		};
		FBE10C2024B5F665007D3C79 /* App Delegate */ = {
			isa = PBXGroup;
			children = (
				FB0CD00324B83F340049657F /* GoogleService-Info.plist */,
				FBE10C1724B5F44C007D3C79 /* Info.plist */,
				FBE10C0B24B5F44B007D3C79 /* SceneDelegate.swift */,
				FBE10C0924B5F44B007D3C79 /* AppDelegate.swift */,
			);
			path = "App Delegate";
			sourceTree = "<group>";
		};
		FBE10C2124B5F670007D3C79 /* View */ = {
			isa = PBXGroup;
			children = (
				FBE10C1424B5F44C007D3C79 /* LaunchScreen.storyboard */,
				FBE10C0F24B5F44B007D3C79 /* Main.storyboard */,
				FBDF516F24B75B450021B895 /* PinkButton.swift */,
				FBAC348524B75EB9002641B4 /* BlueButton.swift */,
				FBAC348724B76456002641B4 /* TitleLabel.swift */,
			);
			path = View;
			sourceTree = "<group>";
		};
		FBE10C2224B5F67F007D3C79 /* Resources */ = {
			isa = PBXGroup;
			children = (
				FBE10C1224B5F44C007D3C79 /* Assets.xcassets */,
			);
			path = Resources;
			sourceTree = "<group>";
		};
		FBE10C2324B5F698007D3C79 /* Controller */ = {
			isa = PBXGroup;
			children = (
				FB4DEC0124BA3C88004E66F4 /* ERProgressHud */,
				FBDF516824B73E430021B895 /* Main */,
				FBDF516724B73E210021B895 /* Login */,
			);
			path = Controller;
			sourceTree = "<group>";
		};
/* End PBXGroup section */

/* Begin PBXNativeTarget section */
		FBE10C0524B5F44B007D3C79 /* Flash Dating */ = {
			isa = PBXNativeTarget;
			buildConfigurationList = FBE10C1A24B5F44C007D3C79 /* Build configuration list for PBXNativeTarget "Flash Dating" */;
			buildPhases = (
				4519AE773DD7B6B134798045 /* [CP] Check Pods Manifest.lock */,
				FBE10C0224B5F44B007D3C79 /* Sources */,
				FBE10C0324B5F44B007D3C79 /* Frameworks */,
				FBE10C0424B5F44B007D3C79 /* Resources */,
				A68902AD4F10831983C5BC6B /* [CP] Embed Pods Frameworks */,
				ECDD82A662FFB1E7BB192B9F /* [CP] Copy Pods Resources */,
			);
			buildRules = (
			);
			dependencies = (
			);
			name = "Flash Dating";
			productName = "Flash Dating 001";
			productReference = FBE10C0624B5F44B007D3C79 /* Flash Dating.app */;
			productType = "com.apple.product-type.application";
		};
/* End PBXNativeTarget section */

/* Begin PBXProject section */
		FBE10BFE24B5F44B007D3C79 /* Project object */ = {
			isa = PBXProject;
			attributes = {
				LastSwiftUpdateCheck = 1150;
				LastUpgradeCheck = 1150;
				ORGANIZATIONNAME = "Hồ Sĩ Tuấn";
				TargetAttributes = {
					FBE10C0524B5F44B007D3C79 = {
						CreatedOnToolsVersion = 11.5;
					};
				};
			};
			buildConfigurationList = FBE10C0124B5F44B007D3C79 /* Build configuration list for PBXProject "Flash Dating" */;
			compatibilityVersion = "Xcode 9.3";
			developmentRegion = en;
			hasScannedForEncodings = 0;
			knownRegions = (
				en,
				Base,
			);
			mainGroup = FBE10BFD24B5F44B007D3C79;
			productRefGroup = FBE10C0724B5F44B007D3C79 /* Products */;
			projectDirPath = "";
			projectRoot = "";
			targets = (
				FBE10C0524B5F44B007D3C79 /* Flash Dating */,
			);
		};
/* End PBXProject section */

/* Begin PBXResourcesBuildPhase section */
		FBE10C0424B5F44B007D3C79 /* Resources */ = {
			isa = PBXResourcesBuildPhase;
			buildActionMask = 2147483647;
			files = (
				FBE10C1624B5F44C007D3C79 /* LaunchScreen.storyboard in Resources */,
				FB0CD00424B83F340049657F /* GoogleService-Info.plist in Resources */,
				FBE10C1324B5F44C007D3C79 /* Assets.xcassets in Resources */,
				FBE10C1124B5F44B007D3C79 /* Main.storyboard in Resources */,
				FBAC348F24B7817B002641B4 /* Metropolis-Black.otf in Resources */,
			);
			runOnlyForDeploymentPostprocessing = 0;
		};
/* End PBXResourcesBuildPhase section */

/* Begin PBXShellScriptBuildPhase section */
		4519AE773DD7B6B134798045 /* [CP] Check Pods Manifest.lock */ = {
			isa = PBXShellScriptBuildPhase;
			buildActionMask = 2147483647;
			files = (
			);
			inputFileListPaths = (
			);
			inputPaths = (
				"${PODS_PODFILE_DIR_PATH}/Podfile.lock",
				"${PODS_ROOT}/Manifest.lock",
			);
			name = "[CP] Check Pods Manifest.lock";
			outputFileListPaths = (
			);
			outputPaths = (
				"$(DERIVED_FILE_DIR)/Pods-Flash Dating-checkManifestLockResult.txt",
			);
			runOnlyForDeploymentPostprocessing = 0;
			shellPath = /bin/sh;
			shellScript = "diff \"${PODS_PODFILE_DIR_PATH}/Podfile.lock\" \"${PODS_ROOT}/Manifest.lock\" > /dev/null\nif [ $? != 0 ] ; then\n    # print error to STDERR\n    echo \"error: The sandbox is not in sync with the Podfile.lock. Run 'pod install' or update your CocoaPods installation.\" >&2\n    exit 1\nfi\n# This output is used by Xcode 'outputs' to avoid re-running this script phase.\necho \"SUCCESS\" > \"${SCRIPT_OUTPUT_FILE_0}\"\n";
			showEnvVarsInLog = 0;
		};
		A68902AD4F10831983C5BC6B /* [CP] Embed Pods Frameworks */ = {
			isa = PBXShellScriptBuildPhase;
			buildActionMask = 2147483647;
			files = (
			);
			inputFileListPaths = (
				"${PODS_ROOT}/Target Support Files/Pods-Flash Dating/Pods-Flash Dating-frameworks-${CONFIGURATION}-input-files.xcfilelist",
			);
			name = "[CP] Embed Pods Frameworks";
			outputFileListPaths = (
				"${PODS_ROOT}/Target Support Files/Pods-Flash Dating/Pods-Flash Dating-frameworks-${CONFIGURATION}-output-files.xcfilelist",
			);
			runOnlyForDeploymentPostprocessing = 0;
			shellPath = /bin/sh;
			shellScript = "\"${PODS_ROOT}/Target Support Files/Pods-Flash Dating/Pods-Flash Dating-frameworks.sh\"\n";
			showEnvVarsInLog = 0;
		};
		ECDD82A662FFB1E7BB192B9F /* [CP] Copy Pods Resources */ = {
			isa = PBXShellScriptBuildPhase;
			buildActionMask = 2147483647;
			files = (
			);
			inputFileListPaths = (
				"${PODS_ROOT}/Target Support Files/Pods-Flash Dating/Pods-Flash Dating-resources-${CONFIGURATION}-input-files.xcfilelist",
			);
			name = "[CP] Copy Pods Resources";
			outputFileListPaths = (
				"${PODS_ROOT}/Target Support Files/Pods-Flash Dating/Pods-Flash Dating-resources-${CONFIGURATION}-output-files.xcfilelist",
			);
			runOnlyForDeploymentPostprocessing = 0;
			shellPath = /bin/sh;
			shellScript = "\"${PODS_ROOT}/Target Support Files/Pods-Flash Dating/Pods-Flash Dating-resources.sh\"\n";
			showEnvVarsInLog = 0;
		};
/* End PBXShellScriptBuildPhase section */

/* Begin PBXSourcesBuildPhase section */
		FBE10C0224B5F44B007D3C79 /* Sources */ = {
			isa = PBXSourcesBuildPhase;
			buildActionMask = 2147483647;
			files = (
				FB0CD00224B7B43D0049657F /* EditImageViewController.swift in Sources */,
				FB4DEC0324BA3C95004E66F4 /* ERProgressHud.swift in Sources */,
				FBEE2C7C24B6F64400910BC6 /* RegisterViewController.swift in Sources */,
				FBDF516424B732070021B895 /* FillNameViewController.swift in Sources */,
				FBE10C0A24B5F44B007D3C79 /* AppDelegate.swift in Sources */,
				FBAC348824B76456002641B4 /* TitleLabel.swift in Sources */,
				FBDF517024B75B450021B895 /* PinkButton.swift in Sources */,
				FBE10C2924B601A4007D3C79 /* User.swift in Sources */,
				FBE10C0C24B5F44B007D3C79 /* SceneDelegate.swift in Sources */,
				FBE10C2D24B60ABB007D3C79 /* LoginViewController.swift in Sources */,
				FB4DEBFE24BA268A004E66F4 /* ViewController.swift in Sources */,
				FBAC348624B75EB9002641B4 /* BlueButton.swift in Sources */,
				FBE10C2B24B603C3007D3C79 /* ProfileViewController.swift in Sources */,
				FBDF516224B72EB00021B895 /* VerifyViewController.swift in Sources */,
				FBDF516624B73D4E0021B895 /* ForgotPasswordViewController.swift in Sources */,
				FBE10C2524B5FE7A007D3C79 /* HomeViewController.swift in Sources */,
				FBDF516E24B7555E0021B895 /* StartPageViewController.swift in Sources */,
				FBE10C2724B60184007D3C79 /* CurrentProfile.swift in Sources */,
			);
			runOnlyForDeploymentPostprocessing = 0;
		};
/* End PBXSourcesBuildPhase section */

/* Begin PBXVariantGroup section */
		FBE10C0F24B5F44B007D3C79 /* Main.storyboard */ = {
			isa = PBXVariantGroup;
			children = (
				FBE10C1024B5F44B007D3C79 /* Base */,
			);
			name = Main.storyboard;
			sourceTree = "<group>";
		};
		FBE10C1424B5F44C007D3C79 /* LaunchScreen.storyboard */ = {
			isa = PBXVariantGroup;
			children = (
				FBE10C1524B5F44C007D3C79 /* Base */,
			);
			name = LaunchScreen.storyboard;
			sourceTree = "<group>";
		};
/* End PBXVariantGroup section */

/* Begin XCBuildConfiguration section */
		FBE10C1824B5F44C007D3C79 /* Debug */ = {
			isa = XCBuildConfiguration;
			buildSettings = {
				ALWAYS_SEARCH_USER_PATHS = NO;
				CLANG_ANALYZER_NONNULL = YES;
				CLANG_ANALYZER_NUMBER_OBJECT_CONVERSION = YES_AGGRESSIVE;
				CLANG_CXX_LANGUAGE_STANDARD = "gnu++14";
				CLANG_CXX_LIBRARY = "libc++";
				CLANG_ENABLE_MODULES = YES;
				CLANG_ENABLE_OBJC_ARC = YES;
				CLANG_ENABLE_OBJC_WEAK = YES;
				CLANG_WARN_BLOCK_CAPTURE_AUTORELEASING = YES;
				CLANG_WARN_BOOL_CONVERSION = YES;
				CLANG_WARN_COMMA = YES;
				CLANG_WARN_CONSTANT_CONVERSION = YES;
				CLANG_WARN_DEPRECATED_OBJC_IMPLEMENTATIONS = YES;
				CLANG_WARN_DIRECT_OBJC_ISA_USAGE = YES_ERROR;
				CLANG_WARN_DOCUMENTATION_COMMENTS = YES;
				CLANG_WARN_EMPTY_BODY = YES;
				CLANG_WARN_ENUM_CONVERSION = YES;
				CLANG_WARN_INFINITE_RECURSION = YES;
				CLANG_WARN_INT_CONVERSION = YES;
				CLANG_WARN_NON_LITERAL_NULL_CONVERSION = YES;
				CLANG_WARN_OBJC_IMPLICIT_RETAIN_SELF = YES;
				CLANG_WARN_OBJC_LITERAL_CONVERSION = YES;
				CLANG_WARN_OBJC_ROOT_CLASS = YES_ERROR;
				CLANG_WARN_RANGE_LOOP_ANALYSIS = YES;
				CLANG_WARN_STRICT_PROTOTYPES = YES;
				CLANG_WARN_SUSPICIOUS_MOVE = YES;
				CLANG_WARN_UNGUARDED_AVAILABILITY = YES_AGGRESSIVE;
				CLANG_WARN_UNREACHABLE_CODE = YES;
				CLANG_WARN__DUPLICATE_METHOD_MATCH = YES;
				COPY_PHASE_STRIP = NO;
				DEBUG_INFORMATION_FORMAT = dwarf;
				ENABLE_STRICT_OBJC_MSGSEND = YES;
				ENABLE_TESTABILITY = YES;
				GCC_C_LANGUAGE_STANDARD = gnu11;
				GCC_DYNAMIC_NO_PIC = NO;
				GCC_NO_COMMON_BLOCKS = YES;
				GCC_OPTIMIZATION_LEVEL = 0;
				GCC_PREPROCESSOR_DEFINITIONS = (
					"DEBUG=1",
					"$(inherited)",
				);
				GCC_WARN_64_TO_32_BIT_CONVERSION = YES;
				GCC_WARN_ABOUT_RETURN_TYPE = YES_ERROR;
				GCC_WARN_UNDECLARED_SELECTOR = YES;
				GCC_WARN_UNINITIALIZED_AUTOS = YES_AGGRESSIVE;
				GCC_WARN_UNUSED_FUNCTION = YES;
				GCC_WARN_UNUSED_VARIABLE = YES;
				IPHONEOS_DEPLOYMENT_TARGET = 13.5;
				MTL_ENABLE_DEBUG_INFO = INCLUDE_SOURCE;
				MTL_FAST_MATH = YES;
				ONLY_ACTIVE_ARCH = YES;
				SDKROOT = iphoneos;
				SWIFT_ACTIVE_COMPILATION_CONDITIONS = DEBUG;
				SWIFT_OPTIMIZATION_LEVEL = "-Onone";
			};
			name = Debug;
		};
		FBE10C1924B5F44C007D3C79 /* Release */ = {
			isa = XCBuildConfiguration;
			buildSettings = {
				ALWAYS_SEARCH_USER_PATHS = NO;
				CLANG_ANALYZER_NONNULL = YES;
				CLANG_ANALYZER_NUMBER_OBJECT_CONVERSION = YES_AGGRESSIVE;
				CLANG_CXX_LANGUAGE_STANDARD = "gnu++14";
				CLANG_CXX_LIBRARY = "libc++";
				CLANG_ENABLE_MODULES = YES;
				CLANG_ENABLE_OBJC_ARC = YES;
				CLANG_ENABLE_OBJC_WEAK = YES;
				CLANG_WARN_BLOCK_CAPTURE_AUTORELEASING = YES;
				CLANG_WARN_BOOL_CONVERSION = YES;
				CLANG_WARN_COMMA = YES;
				CLANG_WARN_CONSTANT_CONVERSION = YES;
				CLANG_WARN_DEPRECATED_OBJC_IMPLEMENTATIONS = YES;
				CLANG_WARN_DIRECT_OBJC_ISA_USAGE = YES_ERROR;
				CLANG_WARN_DOCUMENTATION_COMMENTS = YES;
				CLANG_WARN_EMPTY_BODY = YES;
				CLANG_WARN_ENUM_CONVERSION = YES;
				CLANG_WARN_INFINITE_RECURSION = YES;
				CLANG_WARN_INT_CONVERSION = YES;
				CLANG_WARN_NON_LITERAL_NULL_CONVERSION = YES;
				CLANG_WARN_OBJC_IMPLICIT_RETAIN_SELF = YES;
				CLANG_WARN_OBJC_LITERAL_CONVERSION = YES;
				CLANG_WARN_OBJC_ROOT_CLASS = YES_ERROR;
				CLANG_WARN_RANGE_LOOP_ANALYSIS = YES;
				CLANG_WARN_STRICT_PROTOTYPES = YES;
				CLANG_WARN_SUSPICIOUS_MOVE = YES;
				CLANG_WARN_UNGUARDED_AVAILABILITY = YES_AGGRESSIVE;
				CLANG_WARN_UNREACHABLE_CODE = YES;
				CLANG_WARN__DUPLICATE_METHOD_MATCH = YES;
				COPY_PHASE_STRIP = NO;
				DEBUG_INFORMATION_FORMAT = "dwarf-with-dsym";
				ENABLE_NS_ASSERTIONS = NO;
				ENABLE_STRICT_OBJC_MSGSEND = YES;
				GCC_C_LANGUAGE_STANDARD = gnu11;
				GCC_NO_COMMON_BLOCKS = YES;
				GCC_WARN_64_TO_32_BIT_CONVERSION = YES;
				GCC_WARN_ABOUT_RETURN_TYPE = YES_ERROR;
				GCC_WARN_UNDECLARED_SELECTOR = YES;
				GCC_WARN_UNINITIALIZED_AUTOS = YES_AGGRESSIVE;
				GCC_WARN_UNUSED_FUNCTION = YES;
				GCC_WARN_UNUSED_VARIABLE = YES;
				IPHONEOS_DEPLOYMENT_TARGET = 13.5;
				MTL_ENABLE_DEBUG_INFO = NO;
				MTL_FAST_MATH = YES;
				SDKROOT = iphoneos;
				SWIFT_COMPILATION_MODE = wholemodule;
				SWIFT_OPTIMIZATION_LEVEL = "-O";
				VALIDATE_PRODUCT = YES;
			};
			name = Release;
		};
		FBE10C1B24B5F44C007D3C79 /* Debug */ = {
			isa = XCBuildConfiguration;
			baseConfigurationReference = C01B6D030034B9E4C2B6B8B1 /* Pods-Flash Dating.debug.xcconfig */;
			buildSettings = {
				ASSETCATALOG_COMPILER_APPICON_NAME = AppIcon;
				CODE_SIGN_STYLE = Automatic;
				DEVELOPMENT_TEAM = U9EGC55R6Z;
				INFOPLIST_FILE = "Flash Dating/App Delegate/Info.plist";
				IPHONEOS_DEPLOYMENT_TARGET = 10.3;
				LD_RUNPATH_SEARCH_PATHS = (
					"$(inherited)",
					"@executable_path/Frameworks",
				);
				PRODUCT_BUNDLE_IDENTIFIER = "hosituanit.Flash-Dating-001";
				PRODUCT_NAME = "$(TARGET_NAME)";
				SWIFT_VERSION = 5.0;
				TARGETED_DEVICE_FAMILY = "1,2";
			};
			name = Debug;
		};
		FBE10C1C24B5F44C007D3C79 /* Release */ = {
			isa = XCBuildConfiguration;
			baseConfigurationReference = 3F2AC4AEC338DE97479ABEC7 /* Pods-Flash Dating.release.xcconfig */;
			buildSettings = {
				ASSETCATALOG_COMPILER_APPICON_NAME = AppIcon;
				CODE_SIGN_STYLE = Automatic;
				DEVELOPMENT_TEAM = U9EGC55R6Z;
				INFOPLIST_FILE = "Flash Dating/App Delegate/Info.plist";
				IPHONEOS_DEPLOYMENT_TARGET = 10.3;
				LD_RUNPATH_SEARCH_PATHS = (
					"$(inherited)",
					"@executable_path/Frameworks",
				);
				PRODUCT_BUNDLE_IDENTIFIER = "hosituanit.Flash-Dating-001";
				PRODUCT_NAME = "$(TARGET_NAME)";
				SWIFT_VERSION = 5.0;
				TARGETED_DEVICE_FAMILY = "1,2";
			};
			name = Release;
		};
/* End XCBuildConfiguration section */

/* Begin XCConfigurationList section */
		FBE10C0124B5F44B007D3C79 /* Build configuration list for PBXProject "Flash Dating" */ = {
			isa = XCConfigurationList;
			buildConfigurations = (
				FBE10C1824B5F44C007D3C79 /* Debug */,
				FBE10C1924B5F44C007D3C79 /* Release */,
			);
			defaultConfigurationIsVisible = 0;
			defaultConfigurationName = Release;
		};
		FBE10C1A24B5F44C007D3C79 /* Build configuration list for PBXNativeTarget "Flash Dating" */ = {
			isa = XCConfigurationList;
			buildConfigurations = (
				FBE10C1B24B5F44C007D3C79 /* Debug */,
				FBE10C1C24B5F44C007D3C79 /* Release */,
			);
			defaultConfigurationIsVisible = 0;
			defaultConfigurationName = Release;
		};
/* End XCConfigurationList section */
	};
	rootObject = FBE10BFE24B5F44B007D3C79 /* Project object */;
}
